
Microsoft Visual Studio Solution File, Format Version 12.00
# Visual Studio Version 17
VisualStudioVersion = 17.0.32014.148
MinimumVisualStudioVersion = 10.0.40219.1
Project("{2150E333-8FDC-42A3-9474-1A3956D46DE8}") = "Solution Items", "Solution Items", "{0AE38B1E-B1A7-4CB7-8F17-54AED3982407}"
	ProjectSection(SolutionItems) = preProject
		AzureFunctions-Testcontainers.Dockerfile = AzureFunctions-Testcontainers.Dockerfile
		CHANGELOG.md = CHANGELOG.md
		LICENSE.md = LICENSE.md
		README.md = README.md
	EndProjectSection
EndProject
Project("{2150E333-8FDC-42A3-9474-1A3956D46DE8}") = "demos", "demos", "{1E4DD091-DE82-4ABF-B56B-B20D00B2A007}"
EndProject
Project("{2150E333-8FDC-42A3-9474-1A3956D46DE8}") = "docs", "docs", "{7C82AF44-AD9A-4A40-9661-AFE39DBFB8FD}"
EndProject
Project("{2150E333-8FDC-42A3-9474-1A3956D46DE8}") = "src", "src", "{A98ADA68-EA83-4BCB-BC4A-E7547759582D}"
EndProject
Project("{2150E333-8FDC-42A3-9474-1A3956D46DE8}") = "test", "test", "{ED23FFF4-C081-48D6-90C0-4AD406ADE25A}"
EndProject
Project("{9A19103F-16F7-4668-BE54-9A1E7A4F7556}") = "Lib.AspNetCore.ServerTiming", "src\Lib.AspNetCore.ServerTiming\Lib.AspNetCore.ServerTiming.csproj", "{9984CCBB-FE62-426D-81C0-07F07C043000}"
EndProject
Project("{9A19103F-16F7-4668-BE54-9A1E7A4F7556}") = "Test.AspNetCore.ServerTiming", "test\Test.AspNetCore.ServerTiming\Test.AspNetCore.ServerTiming.csproj", "{B74171BA-39DA-4406-96AB-D5A78DC030F1}"
EndProject
Project("{9A19103F-16F7-4668-BE54-9A1E7A4F7556}") = "Demo.AspNetCore.ServerTiming", "demos\Demo.AspNetCore.ServerTiming\Demo.AspNetCore.ServerTiming.csproj", "{C7A47113-CBA9-486C-8F95-50B2E12D71B3}"
EndProject
Project("{9A19103F-16F7-4668-BE54-9A1E7A4F7556}") = "Demo.Azure.Functions.Worker.ServerTiming", "demos\Demo.Azure.Functions.Worker.ServerTiming\Demo.Azure.Functions.Worker.ServerTiming.csproj", "{8B267F7C-5AAD-4A2E-BD0C-4DC18BC6C355}"
EndProject
Project("{9A19103F-16F7-4668-BE54-9A1E7A4F7556}") = "DocFx.AspNetCore.ServerTiming", "docs\DocFx.AspNetCore.ServerTiming\DocFx.AspNetCore.ServerTiming.csproj", "{E7DC599F-40C9-4651-97B9-6B47CD05BA0D}"
EndProject
Project("{9A19103F-16F7-4668-BE54-9A1E7A4F7556}") = "Lib.Azure.Functions.Worker.ServerTiming", "src\Lib.Azure.Functions.Worker.ServerTiming\Lib.Azure.Functions.Worker.ServerTiming.csproj", "{F3E4069B-96CF-49EB-886B-7D095956D466}"
EndProject
Project("{9A19103F-16F7-4668-BE54-9A1E7A4F7556}") = "Lib.ServerTiming.Abstractions", "src\Lib.ServerTiming.Abstractions\Lib.ServerTiming.Abstractions.csproj", "{A4EF5ECE-BB97-4FF8-BDCE-D1D33E25A2A5}"
EndProject
Project("{9A19103F-16F7-4668-BE54-9A1E7A4F7556}") = "Test.Azure.Functions.Worker.ServerTiming", "test\Test.Azure.Functions.Worker.ServerTiming\Test.Azure.Functions.Worker.ServerTiming.csproj", "{513FEC67-0B18-48B4-BFD6-3F59AF4625CE}"
EndProject
Global
	GlobalSection(SolutionConfigurationPlatforms) = preSolution
		Debug|Any CPU = Debug|Any CPU
		Release|Any CPU = Release|Any CPU
	EndGlobalSection
	GlobalSection(ProjectConfigurationPlatforms) = postSolution
		{9984CCBB-FE62-426D-81C0-07F07C043000}.Debug|Any CPU.ActiveCfg = Debug|Any CPU
		{9984CCBB-FE62-426D-81C0-07F07C043000}.Debug|Any CPU.Build.0 = Debug|Any CPU
		{9984CCBB-FE62-426D-81C0-07F07C043000}.Release|Any CPU.ActiveCfg = Release|Any CPU
		{9984CCBB-FE62-426D-81C0-07F07C043000}.Release|Any CPU.Build.0 = Release|Any CPU
		{B74171BA-39DA-4406-96AB-D5A78DC030F1}.Debug|Any CPU.ActiveCfg = Debug|Any CPU
		{B74171BA-39DA-4406-96AB-D5A78DC030F1}.Debug|Any CPU.Build.0 = Debug|Any CPU
		{B74171BA-39DA-4406-96AB-D5A78DC030F1}.Release|Any CPU.ActiveCfg = Release|Any CPU
		{B74171BA-39DA-4406-96AB-D5A78DC030F1}.Release|Any CPU.Build.0 = Release|Any CPU
		{C7A47113-CBA9-486C-8F95-50B2E12D71B3}.Debug|Any CPU.ActiveCfg = Debug|Any CPU
		{C7A47113-CBA9-486C-8F95-50B2E12D71B3}.Debug|Any CPU.Build.0 = Debug|Any CPU
		{C7A47113-CBA9-486C-8F95-50B2E12D71B3}.Release|Any CPU.ActiveCfg = Release|Any CPU
		{C7A47113-CBA9-486C-8F95-50B2E12D71B3}.Release|Any CPU.Build.0 = Release|Any CPU
		{8B267F7C-5AAD-4A2E-BD0C-4DC18BC6C355}.Debug|Any CPU.ActiveCfg = Debug|Any CPU
		{8B267F7C-5AAD-4A2E-BD0C-4DC18BC6C355}.Debug|Any CPU.Build.0 = Debug|Any CPU
		{8B267F7C-5AAD-4A2E-BD0C-4DC18BC6C355}.Release|Any CPU.ActiveCfg = Release|Any CPU
		{8B267F7C-5AAD-4A2E-BD0C-4DC18BC6C355}.Release|Any CPU.Build.0 = Release|Any CPU
		{E7DC599F-40C9-4651-97B9-6B47CD05BA0D}.Debug|Any CPU.ActiveCfg = Debug|Any CPU
		{E7DC599F-40C9-4651-97B9-6B47CD05BA0D}.Debug|Any CPU.Build.0 = Debug|Any CPU
		{E7DC599F-40C9-4651-97B9-6B47CD05BA0D}.Release|Any CPU.ActiveCfg = Release|Any CPU
		{E7DC599F-40C9-4651-97B9-6B47CD05BA0D}.Release|Any CPU.Build.0 = Release|Any CPU
		{F3E4069B-96CF-49EB-886B-7D095956D466}.Debug|Any CPU.ActiveCfg = Debug|Any CPU
		{F3E4069B-96CF-49EB-886B-7D095956D466}.Debug|Any CPU.Build.0 = Debug|Any CPU
		{F3E4069B-96CF-49EB-886B-7D095956D466}.Release|Any CPU.ActiveCfg = Release|Any CPU
		{F3E4069B-96CF-49EB-886B-7D095956D466}.Release|Any CPU.Build.0 = Release|Any CPU
		{A4EF5ECE-BB97-4FF8-BDCE-D1D33E25A2A5}.Debug|Any CPU.ActiveCfg = Debug|Any CPU
		{A4EF5ECE-BB97-4FF8-BDCE-D1D33E25A2A5}.Debug|Any CPU.Build.0 = Debug|Any CPU
		{A4EF5ECE-BB97-4FF8-BDCE-D1D33E25A2A5}.Release|Any CPU.ActiveCfg = Release|Any CPU
		{A4EF5ECE-BB97-4FF8-BDCE-D1D33E25A2A5}.Release|Any CPU.Build.0 = Release|Any CPU
		{513FEC67-0B18-48B4-BFD6-3F59AF4625CE}.Debug|Any CPU.ActiveCfg = Debug|Any CPU
		{513FEC67-0B18-48B4-BFD6-3F59AF4625CE}.Debug|Any CPU.Build.0 = Debug|Any CPU
		{513FEC67-0B18-48B4-BFD6-3F59AF4625CE}.Release|Any CPU.ActiveCfg = Release|Any CPU
		{513FEC67-0B18-48B4-BFD6-3F59AF4625CE}.Release|Any CPU.Build.0 = Release|Any CPU
	EndGlobalSection
	GlobalSection(SolutionProperties) = preSolution
		HideSolutionNode = FALSE
	EndGlobalSection
	GlobalSection(NestedProjects) = preSolution
		{9984CCBB-FE62-426D-81C0-07F07C043000} = {A98ADA68-EA83-4BCB-BC4A-E7547759582D}
		{B74171BA-39DA-4406-96AB-D5A78DC030F1} = {ED23FFF4-C081-48D6-90C0-4AD406ADE25A}
		{C7A47113-CBA9-486C-8F95-50B2E12D71B3} = {1E4DD091-DE82-4ABF-B56B-B20D00B2A007}
		{8B267F7C-5AAD-4A2E-BD0C-4DC18BC6C355} = {1E4DD091-DE82-4ABF-B56B-B20D00B2A007}
		{E7DC599F-40C9-4651-97B9-6B47CD05BA0D} = {7C82AF44-AD9A-4A40-9661-AFE39DBFB8FD}
		{F3E4069B-96CF-49EB-886B-7D095956D466} = {A98ADA68-EA83-4BCB-BC4A-E7547759582D}
		{A4EF5ECE-BB97-4FF8-BDCE-D1D33E25A2A5} = {A98ADA68-EA83-4BCB-BC4A-E7547759582D}
		{513FEC67-0B18-48B4-BFD6-3F59AF4625CE} = {ED23FFF4-C081-48D6-90C0-4AD406ADE25A}
	EndGlobalSection
	GlobalSection(ExtensibilityGlobals) = postSolution
		SolutionGuid = {7AFF5A25-912B-455D-BB01-96C81CFE82CE}
	EndGlobalSection
EndGlobal
