
Microsoft Visual Studio Solution File, Format Version 12.00
# Visual Studio Version 16
VisualStudioVersion = 16.0.31911.196
MinimumVisualStudioVersion = 10.0.40219.1
Project("{9A19103F-16F7-4668-BE54-9A1E7A4F7556}") = "Lib.AspNetCore.ServerTiming", "Lib.AspNetCore.ServerTiming\Lib.AspNetCore.ServerTiming.csproj", "{9984CCBB-FE62-426D-81C0-07F07C043000}"
EndProject
Project("{9A19103F-16F7-4668-BE54-9A1E7A4F7556}") = "Test.AspNetCore.ServerTiming", "Test.AspNetCore.ServerTiming\Test.AspNetCore.ServerTiming.csproj", "{B74171BA-39DA-4406-96AB-D5A78DC030F1}"
EndProject
Project("{9A19103F-16F7-4668-BE54-9A1E7A4F7556}") = "Demo.AspNetCore.ServerTiming", "Demo.AspNetCore.ServerTiming\Demo.AspNetCore.ServerTiming.csproj", "{C7A47113-CBA9-486C-8F95-50B2E12D71B3}"
EndProject
Global
	GlobalSection(SolutionConfigurationPlatforms) = preSolution
		Debug|Any CPU = Debug|Any CPU
		Release|Any CPU = Release|Any CPU
	EndGlobalSection
	GlobalSection(ProjectConfigurationPlatforms) = postSolution
		{9984CCBB-FE62-426D-81C0-07F07C043000}.Debug|Any CPU.ActiveCfg = Debug|Any CPU
		{9984CCBB-FE62-426D-81C0-07F07C043000}.Debug|Any CPU.Build.0 = Debug|Any CPU
		{9984CCBB-FE62-426D-81C0-07F07C043000}.Release|Any CPU.ActiveCfg = Release|Any CPU
		{9984CCBB-FE62-426D-81C0-07F07C043000}.Release|Any CPU.Build.0 = Release|Any CPU
		{B74171BA-39DA-4406-96AB-D5A78DC030F1}.Debug|Any CPU.ActiveCfg = Debug|Any CPU
		{B74171BA-39DA-4406-96AB-D5A78DC030F1}.Debug|Any CPU.Build.0 = Debug|Any CPU
		{B74171BA-39DA-4406-96AB-D5A78DC030F1}.Release|Any CPU.ActiveCfg = Release|Any CPU
		{B74171BA-39DA-4406-96AB-D5A78DC030F1}.Release|Any CPU.Build.0 = Release|Any CPU
		{C7A47113-CBA9-486C-8F95-50B2E12D71B3}.Debug|Any CPU.ActiveCfg = Debug|Any CPU
		{C7A47113-CBA9-486C-8F95-50B2E12D71B3}.Debug|Any CPU.Build.0 = Debug|Any CPU
		{C7A47113-CBA9-486C-8F95-50B2E12D71B3}.Release|Any CPU.ActiveCfg = Release|Any CPU
		{C7A47113-CBA9-486C-8F95-50B2E12D71B3}.Release|Any CPU.Build.0 = Release|Any CPU
	EndGlobalSection
	GlobalSection(SolutionProperties) = preSolution
		HideSolutionNode = FALSE
	EndGlobalSection
	GlobalSection(ExtensibilityGlobals) = postSolution
		SolutionGuid = {7AFF5A25-912B-455D-BB01-96C81CFE82CE}
	EndGlobalSection
EndGlobal
